
Microsoft Visual Studio Solution File, Format Version 12.00
# Visual Studio Version 16
VisualStudioVersion = 16.0.31025.194
MinimumVisualStudioVersion = 10.0.40219.1
Project("{FAE04EC0-301F-11D3-BF4B-00C04F79EFBC}") = "TicTacToeApp", "TicTacToeApp.csproj", "{CCEB1BC0-B91F-4D7E-9D02-8461FDCFE6A5}"
EndProject
Project("{FAE04EC0-301F-11D3-BF4B-00C04F79EFBC}") = "TicTacToeLogic", "..\TicTacToeLogic\TicTacToeLogic.csproj", "{9AB038AD-37BF-4B31-BE11-7EAADA28B6B3}"
EndProject
Global
	GlobalSection(SolutionConfigurationPlatforms) = preSolution
		Debug|Any CPU = Debug|Any CPU
		Release|Any CPU = Release|Any CPU
	EndGlobalSection
	GlobalSection(ProjectConfigurationPlatforms) = postSolution
		{CCEB1BC0-B91F-4D7E-9D02-8461FDCFE6A5}.Debug|Any CPU.ActiveCfg = Debug|Any CPU
		{CCEB1BC0-B91F-4D7E-9D02-8461FDCFE6A5}.Debug|Any CPU.Build.0 = Debug|Any CPU
		{CCEB1BC0-B91F-4D7E-9D02-8461FDCFE6A5}.Release|Any CPU.ActiveCfg = Release|Any CPU
		{CCEB1BC0-B91F-4D7E-9D02-8461FDCFE6A5}.Release|Any CPU.Build.0 = Release|Any CPU
		{9AB038AD-37BF-4B31-BE11-7EAADA28B6B3}.Debug|Any CPU.ActiveCfg = Debug|Any CPU
		{9AB038AD-37BF-4B31-BE11-7EAADA28B6B3}.Debug|Any CPU.Build.0 = Debug|Any CPU
		{9AB038AD-37BF-4B31-BE11-7EAADA28B6B3}.Release|Any CPU.ActiveCfg = Release|Any CPU
		{9AB038AD-37BF-4B31-BE11-7EAADA28B6B3}.Release|Any CPU.Build.0 = Release|Any CPU
	EndGlobalSection
	GlobalSection(SolutionProperties) = preSolution
		HideSolutionNode = FALSE
	EndGlobalSection
	GlobalSection(ExtensibilityGlobals) = postSolution
		SolutionGuid = {A037F8E4-53D2-4AA2-92C8-AA4887088BC1}
	EndGlobalSection
EndGlobal
